
Microsoft Visual Studio Solution File, Format Version 12.00
# Visual Studio Version 16
VisualStudioVersion = 16.0.31129.286
MinimumVisualStudioVersion = 10.0.40219.1
Project("{FAE04EC0-301F-11D3-BF4B-00C04F79EFBC}") = "LawStoreBackend", "LawStoreBackend.csproj", "{5D7DA2BD-901E-4D8D-A2C3-9337B124BADE}"
EndProject
Global
	GlobalSection(SolutionConfigurationPlatforms) = preSolution
		Debug|Any CPU = Debug|Any CPU
		Release|Any CPU = Release|Any CPU
	EndGlobalSection
	GlobalSection(ProjectConfigurationPlatforms) = postSolution
		{5D7DA2BD-901E-4D8D-A2C3-9337B124BADE}.Debug|Any CPU.ActiveCfg = Debug|Any CPU
		{5D7DA2BD-901E-4D8D-A2C3-9337B124BADE}.Debug|Any CPU.Build.0 = Debug|Any CPU
		{5D7DA2BD-901E-4D8D-A2C3-9337B124BADE}.Release|Any CPU.ActiveCfg = Release|Any CPU
		{5D7DA2BD-901E-4D8D-A2C3-9337B124BADE}.Release|Any CPU.Build.0 = Release|Any CPU
	EndGlobalSection
	GlobalSection(SolutionProperties) = preSolution
		HideSolutionNode = FALSE
	EndGlobalSection
	GlobalSection(ExtensibilityGlobals) = postSolution
		SolutionGuid = {B777C407-8B5B-4CB4-8E4B-758A0E514CDA}
	EndGlobalSection
EndGlobal
